// !$*UTF8*$!
{
	archiveVersion = 1;
	classes = {
	};
	objectVersion = 50;
	objects = {

/* Begin PBXBuildFile section */
		3737478B2624C0AE00697B4C /* UserVIewModel.swift in Sources */ = {isa = PBXBuildFile; fileRef = 3737478A2624C0AE00697B4C /* UserVIewModel.swift */; };
		3737478F2624DB4300697B4C /* URLSession+Utils.swift in Sources */ = {isa = PBXBuildFile; fileRef = 3737478E2624DB4300697B4C /* URLSession+Utils.swift */; };
		373747922624DC3C00697B4C /* ObservableObject+Utils.swift in Sources */ = {isa = PBXBuildFile; fileRef = 373747912624DC3C00697B4C /* ObservableObject+Utils.swift */; };
		373747952624E26E00697B4C /* PostView.swift in Sources */ = {isa = PBXBuildFile; fileRef = 373747942624E26E00697B4C /* PostView.swift */; };
		373747982624E2A900697B4C /* PostViewModel.swift in Sources */ = {isa = PBXBuildFile; fileRef = 373747972624E2A900697B4C /* PostViewModel.swift */; };
		3737479B2624E73C00697B4C /* Post.swift in Sources */ = {isa = PBXBuildFile; fileRef = 3737479A2624E73C00697B4C /* Post.swift */; };
		3763DBF12624B516000F6611 /* AppSocialApp.swift in Sources */ = {isa = PBXBuildFile; fileRef = 3763DBF02624B516000F6611 /* AppSocialApp.swift */; };
		3763DBF32624B516000F6611 /* ContentView.swift in Sources */ = {isa = PBXBuildFile; fileRef = 3763DBF22624B516000F6611 /* ContentView.swift */; };
		3763DBF52624B518000F6611 /* Assets.xcassets in Resources */ = {isa = PBXBuildFile; fileRef = 3763DBF42624B518000F6611 /* Assets.xcassets */; };
		3763DBF82624B518000F6611 /* Preview Assets.xcassets in Resources */ = {isa = PBXBuildFile; fileRef = 3763DBF72624B518000F6611 /* Preview Assets.xcassets */; };
		3763DC022624B617000F6611 /* User.swift in Sources */ = {isa = PBXBuildFile; fileRef = 3763DC012624B617000F6611 /* User.swift */; };
/* End PBXBuildFile section */

/* Begin PBXFileReference section */
		3737478A2624C0AE00697B4C /* UserVIewModel.swift */ = {isa = PBXFileReference; lastKnownFileType = sourcecode.swift; path = UserVIewModel.swift; sourceTree = "<group>"; };
		3737478E2624DB4300697B4C /* URLSession+Utils.swift */ = {isa = PBXFileReference; lastKnownFileType = sourcecode.swift; path = "URLSession+Utils.swift"; sourceTree = "<group>"; };
		373747912624DC3C00697B4C /* ObservableObject+Utils.swift */ = {isa = PBXFileReference; lastKnownFileType = sourcecode.swift; path = "ObservableObject+Utils.swift"; sourceTree = "<group>"; };
		373747942624E26E00697B4C /* PostView.swift */ = {isa = PBXFileReference; lastKnownFileType = sourcecode.swift; path = PostView.swift; sourceTree = "<group>"; };
		373747972624E2A900697B4C /* PostViewModel.swift */ = {isa = PBXFileReference; lastKnownFileType = sourcecode.swift; path = PostViewModel.swift; sourceTree = "<group>"; };
		3737479A2624E73C00697B4C /* Post.swift */ = {isa = PBXFileReference; lastKnownFileType = sourcecode.swift; path = Post.swift; sourceTree = "<group>"; };
		3763DBED2624B516000F6611 /* AppSocial.app */ = {isa = PBXFileReference; explicitFileType = wrapper.application; includeInIndex = 0; path = AppSocial.app; sourceTree = BUILT_PRODUCTS_DIR; };
		3763DBF02624B516000F6611 /* AppSocialApp.swift */ = {isa = PBXFileReference; lastKnownFileType = sourcecode.swift; path = AppSocialApp.swift; sourceTree = "<group>"; };
		3763DBF22624B516000F6611 /* ContentView.swift */ = {isa = PBXFileReference; lastKnownFileType = sourcecode.swift; path = ContentView.swift; sourceTree = "<group>"; };
		3763DBF42624B518000F6611 /* Assets.xcassets */ = {isa = PBXFileReference; lastKnownFileType = folder.assetcatalog; path = Assets.xcassets; sourceTree = "<group>"; };
		3763DBF72624B518000F6611 /* Preview Assets.xcassets */ = {isa = PBXFileReference; lastKnownFileType = folder.assetcatalog; path = "Preview Assets.xcassets"; sourceTree = "<group>"; };
		3763DBF92624B518000F6611 /* Info.plist */ = {isa = PBXFileReference; lastKnownFileType = text.plist.xml; path = Info.plist; sourceTree = "<group>"; };
		3763DC012624B617000F6611 /* User.swift */ = {isa = PBXFileReference; lastKnownFileType = sourcecode.swift; path = User.swift; sourceTree = "<group>"; };
/* End PBXFileReference section */

/* Begin PBXFrameworksBuildPhase section */
		3763DBEA2624B516000F6611 /* Frameworks */ = {
			isa = PBXFrameworksBuildPhase;
			buildActionMask = 2147483647;
			files = (
			);
			runOnlyForDeploymentPostprocessing = 0;
		};
/* End PBXFrameworksBuildPhase section */

/* Begin PBXGroup section */
		373747892624C08D00697B4C /* ViewModel */ = {
			isa = PBXGroup;
			children = (
				3737478A2624C0AE00697B4C /* UserVIewModel.swift */,
				373747972624E2A900697B4C /* PostViewModel.swift */,
			);
			path = ViewModel;
			sourceTree = "<group>";
		};
		3763DBE42624B516000F6611 = {
			isa = PBXGroup;
			children = (
				3763DBEF2624B516000F6611 /* AppSocial */,
				3763DBEE2624B516000F6611 /* Products */,
			);
			sourceTree = "<group>";
		};
		3763DBEE2624B516000F6611 /* Products */ = {
			isa = PBXGroup;
			children = (
				3763DBED2624B516000F6611 /* AppSocial.app */,
			);
			name = Products;
			sourceTree = "<group>";
		};
		3763DBEF2624B516000F6611 /* AppSocial */ = {
			isa = PBXGroup;
			children = (
				373747892624C08D00697B4C /* ViewModel */,
				3763DC002624B600000F6611 /* Model */,
				3763DBF02624B516000F6611 /* AppSocialApp.swift */,
				3763DBF22624B516000F6611 /* ContentView.swift */,
				3763DBF42624B518000F6611 /* Assets.xcassets */,
				3763DBF92624B518000F6611 /* Info.plist */,
				3763DBF62624B518000F6611 /* Preview Content */,
				3737478E2624DB4300697B4C /* URLSession+Utils.swift */,
				373747912624DC3C00697B4C /* ObservableObject+Utils.swift */,
				373747942624E26E00697B4C /* PostView.swift */,
			);
			path = AppSocial;
			sourceTree = "<group>";
		};
		3763DBF62624B518000F6611 /* Preview Content */ = {
			isa = PBXGroup;
			children = (
				3763DBF72624B518000F6611 /* Preview Assets.xcassets */,
			);
			path = "Preview Content";
			sourceTree = "<group>";
		};
		3763DC002624B600000F6611 /* Model */ = {
			isa = PBXGroup;
			children = (
				3763DC012624B617000F6611 /* User.swift */,
				3737479A2624E73C00697B4C /* Post.swift */,
			);
			path = Model;
			sourceTree = "<group>";
		};
/* End PBXGroup section */

/* Begin PBXNativeTarget section */
		3763DBEC2624B516000F6611 /* AppSocial */ = {
			isa = PBXNativeTarget;
			buildConfigurationList = 3763DBFC2624B518000F6611 /* Build configuration list for PBXNativeTarget "AppSocial" */;
			buildPhases = (
				3763DBE92624B516000F6611 /* Sources */,
				3763DBEA2624B516000F6611 /* Frameworks */,
				3763DBEB2624B516000F6611 /* Resources */,
			);
			buildRules = (
			);
			dependencies = (
			);
			name = AppSocial;
			productName = AppSocial;
			productReference = 3763DBED2624B516000F6611 /* AppSocial.app */;
			productType = "com.apple.product-type.application";
		};
/* End PBXNativeTarget section */

/* Begin PBXProject section */
		3763DBE52624B516000F6611 /* Project object */ = {
			isa = PBXProject;
			attributes = {
				LastSwiftUpdateCheck = 1240;
				LastUpgradeCheck = 1240;
				TargetAttributes = {
					3763DBEC2624B516000F6611 = {
						CreatedOnToolsVersion = 12.4;
					};
				};
			};
			buildConfigurationList = 3763DBE82624B516000F6611 /* Build configuration list for PBXProject "AppSocial" */;
			compatibilityVersion = "Xcode 9.3";
			developmentRegion = en;
			hasScannedForEncodings = 0;
			knownRegions = (
				en,
				Base,
			);
			mainGroup = 3763DBE42624B516000F6611;
			productRefGroup = 3763DBEE2624B516000F6611 /* Products */;
			projectDirPath = "";
			projectRoot = "";
			targets = (
				3763DBEC2624B516000F6611 /* AppSocial */,
			);
		};
/* End PBXProject section */

/* Begin PBXResourcesBuildPhase section */
		3763DBEB2624B516000F6611 /* Resources */ = {
			isa = PBXResourcesBuildPhase;
			buildActionMask = 2147483647;
			files = (
				3763DBF82624B518000F6611 /* Preview Assets.xcassets in Resources */,
				3763DBF52624B518000F6611 /* Assets.xcassets in Resources */,
			);
			runOnlyForDeploymentPostprocessing = 0;
		};
/* End PBXResourcesBuildPhase section */

/* Begin PBXSourcesBuildPhase section */
		3763DBE92624B516000F6611 /* Sources */ = {
			isa = PBXSourcesBuildPhase;
			buildActionMask = 2147483647;
			files = (
				373747982624E2A900697B4C /* PostViewModel.swift in Sources */,
				373747952624E26E00697B4C /* PostView.swift in Sources */,
				3763DBF32624B516000F6611 /* ContentView.swift in Sources */,
				3737478B2624C0AE00697B4C /* UserVIewModel.swift in Sources */,
				3763DBF12624B516000F6611 /* AppSocialApp.swift in Sources */,
				3763DC022624B617000F6611 /* User.swift in Sources */,
				3737479B2624E73C00697B4C /* Post.swift in Sources */,
				3737478F2624DB4300697B4C /* URLSession+Utils.swift in Sources */,
				373747922624DC3C00697B4C /* ObservableObject+Utils.swift in Sources */,
			);
			runOnlyForDeploymentPostprocessing = 0;
		};
/* End PBXSourcesBuildPhase section */

/* Begin XCBuildConfiguration section */
		3763DBFA2624B518000F6611 /* Debug */ = {
			isa = XCBuildConfiguration;
			buildSettings = {
				ALWAYS_SEARCH_USER_PATHS = NO;
				CLANG_ANALYZER_NONNULL = YES;
				CLANG_ANALYZER_NUMBER_OBJECT_CONVERSION = YES_AGGRESSIVE;
				CLANG_CXX_LANGUAGE_STANDARD = "gnu++14";
				CLANG_CXX_LIBRARY = "libc++";
				CLANG_ENABLE_MODULES = YES;
				CLANG_ENABLE_OBJC_ARC = YES;
				CLANG_ENABLE_OBJC_WEAK = YES;
				CLANG_WARN_BLOCK_CAPTURE_AUTORELEASING = YES;
				CLANG_WARN_BOOL_CONVERSION = YES;
				CLANG_WARN_COMMA = YES;
				CLANG_WARN_CONSTANT_CONVERSION = YES;
				CLANG_WARN_DEPRECATED_OBJC_IMPLEMENTATIONS = YES;
				CLANG_WARN_DIRECT_OBJC_ISA_USAGE = YES_ERROR;
				CLANG_WARN_DOCUMENTATION_COMMENTS = YES;
				CLANG_WARN_EMPTY_BODY = YES;
				CLANG_WARN_ENUM_CONVERSION = YES;
				CLANG_WARN_INFINITE_RECURSION = YES;
				CLANG_WARN_INT_CONVERSION = YES;
				CLANG_WARN_NON_LITERAL_NULL_CONVERSION = YES;
				CLANG_WARN_OBJC_IMPLICIT_RETAIN_SELF = YES;
				CLANG_WARN_OBJC_LITERAL_CONVERSION = YES;
				CLANG_WARN_OBJC_ROOT_CLASS = YES_ERROR;
				CLANG_WARN_QUOTED_INCLUDE_IN_FRAMEWORK_HEADER = YES;
				CLANG_WARN_RANGE_LOOP_ANALYSIS = YES;
				CLANG_WARN_STRICT_PROTOTYPES = YES;
				CLANG_WARN_SUSPICIOUS_MOVE = YES;
				CLANG_WARN_UNGUARDED_AVAILABILITY = YES_AGGRESSIVE;
				CLANG_WARN_UNREACHABLE_CODE = YES;
				CLANG_WARN__DUPLICATE_METHOD_MATCH = YES;
				COPY_PHASE_STRIP = NO;
				DEBUG_INFORMATION_FORMAT = dwarf;
				ENABLE_STRICT_OBJC_MSGSEND = YES;
				ENABLE_TESTABILITY = YES;
				GCC_C_LANGUAGE_STANDARD = gnu11;
				GCC_DYNAMIC_NO_PIC = NO;
				GCC_NO_COMMON_BLOCKS = YES;
				GCC_OPTIMIZATION_LEVEL = 0;
				GCC_PREPROCESSOR_DEFINITIONS = (
					"DEBUG=1",
					"$(inherited)",
				);
				GCC_WARN_64_TO_32_BIT_CONVERSION = YES;
				GCC_WARN_ABOUT_RETURN_TYPE = YES_ERROR;
				GCC_WARN_UNDECLARED_SELECTOR = YES;
				GCC_WARN_UNINITIALIZED_AUTOS = YES_AGGRESSIVE;
				GCC_WARN_UNUSED_FUNCTION = YES;
				GCC_WARN_UNUSED_VARIABLE = YES;
				IPHONEOS_DEPLOYMENT_TARGET = 14.4;
				MTL_ENABLE_DEBUG_INFO = INCLUDE_SOURCE;
				MTL_FAST_MATH = YES;
				ONLY_ACTIVE_ARCH = YES;
				SDKROOT = iphoneos;
				SWIFT_ACTIVE_COMPILATION_CONDITIONS = DEBUG;
				SWIFT_OPTIMIZATION_LEVEL = "-Onone";
			};
			name = Debug;
		};
		3763DBFB2624B518000F6611 /* Release */ = {
			isa = XCBuildConfiguration;
			buildSettings = {
				ALWAYS_SEARCH_USER_PATHS = NO;
				CLANG_ANALYZER_NONNULL = YES;
				CLANG_ANALYZER_NUMBER_OBJECT_CONVERSION = YES_AGGRESSIVE;
				CLANG_CXX_LANGUAGE_STANDARD = "gnu++14";
				CLANG_CXX_LIBRARY = "libc++";
				CLANG_ENABLE_MODULES = YES;
				CLANG_ENABLE_OBJC_ARC = YES;
				CLANG_ENABLE_OBJC_WEAK = YES;
				CLANG_WARN_BLOCK_CAPTURE_AUTORELEASING = YES;
				CLANG_WARN_BOOL_CONVERSION = YES;
				CLANG_WARN_COMMA = YES;
				CLANG_WARN_CONSTANT_CONVERSION = YES;
				CLANG_WARN_DEPRECATED_OBJC_IMPLEMENTATIONS = YES;
				CLANG_WARN_DIRECT_OBJC_ISA_USAGE = YES_ERROR;
				CLANG_WARN_DOCUMENTATION_COMMENTS = YES;
				CLANG_WARN_EMPTY_BODY = YES;
				CLANG_WARN_ENUM_CONVERSION = YES;
				CLANG_WARN_INFINITE_RECURSION = YES;
				CLANG_WARN_INT_CONVERSION = YES;
				CLANG_WARN_NON_LITERAL_NULL_CONVERSION = YES;
				CLANG_WARN_OBJC_IMPLICIT_RETAIN_SELF = YES;
				CLANG_WARN_OBJC_LITERAL_CONVERSION = YES;
				CLANG_WARN_OBJC_ROOT_CLASS = YES_ERROR;
				CLANG_WARN_QUOTED_INCLUDE_IN_FRAMEWORK_HEADER = YES;
				CLANG_WARN_RANGE_LOOP_ANALYSIS = YES;
				CLANG_WARN_STRICT_PROTOTYPES = YES;
				CLANG_WARN_SUSPICIOUS_MOVE = YES;
				CLANG_WARN_UNGUARDED_AVAILABILITY = YES_AGGRESSIVE;
				CLANG_WARN_UNREACHABLE_CODE = YES;
				CLANG_WARN__DUPLICATE_METHOD_MATCH = YES;
				COPY_PHASE_STRIP = NO;
				DEBUG_INFORMATION_FORMAT = "dwarf-with-dsym";
				ENABLE_NS_ASSERTIONS = NO;
				ENABLE_STRICT_OBJC_MSGSEND = YES;
				GCC_C_LANGUAGE_STANDARD = gnu11;
				GCC_NO_COMMON_BLOCKS = YES;
				GCC_WARN_64_TO_32_BIT_CONVERSION = YES;
				GCC_WARN_ABOUT_RETURN_TYPE = YES_ERROR;
				GCC_WARN_UNDECLARED_SELECTOR = YES;
				GCC_WARN_UNINITIALIZED_AUTOS = YES_AGGRESSIVE;
				GCC_WARN_UNUSED_FUNCTION = YES;
				GCC_WARN_UNUSED_VARIABLE = YES;
				IPHONEOS_DEPLOYMENT_TARGET = 14.4;
				MTL_ENABLE_DEBUG_INFO = NO;
				MTL_FAST_MATH = YES;
				SDKROOT = iphoneos;
				SWIFT_COMPILATION_MODE = wholemodule;
				SWIFT_OPTIMIZATION_LEVEL = "-O";
				VALIDATE_PRODUCT = YES;
			};
			name = Release;
		};
		3763DBFD2624B518000F6611 /* Debug */ = {
			isa = XCBuildConfiguration;
			buildSettings = {
				ASSETCATALOG_COMPILER_APPICON_NAME = AppIcon;
				ASSETCATALOG_COMPILER_GLOBAL_ACCENT_COLOR_NAME = AccentColor;
				CODE_SIGN_STYLE = Automatic;
				DEVELOPMENT_ASSET_PATHS = "\"AppSocial/Preview Content\"";
				DEVELOPMENT_TEAM = JCM66D4VT7;
				ENABLE_PREVIEWS = YES;
				INFOPLIST_FILE = AppSocial/Info.plist;
				IPHONEOS_DEPLOYMENT_TARGET = 14.0;
				LD_RUNPATH_SEARCH_PATHS = (
					"$(inherited)",
					"@executable_path/Frameworks",
				);
				PRODUCT_BUNDLE_IDENTIFIER = MMS.AppSocial;
				PRODUCT_NAME = "$(TARGET_NAME)";
				SWIFT_VERSION = 5.0;
				TARGETED_DEVICE_FAMILY = "1,2";
			};
			name = Debug;
		};
		3763DBFE2624B518000F6611 /* Release */ = {
			isa = XCBuildConfiguration;
			buildSettings = {
				ASSETCATALOG_COMPILER_APPICON_NAME = AppIcon;
				ASSETCATALOG_COMPILER_GLOBAL_ACCENT_COLOR_NAME = AccentColor;
				CODE_SIGN_STYLE = Automatic;
				DEVELOPMENT_ASSET_PATHS = "\"AppSocial/Preview Content\"";
				DEVELOPMENT_TEAM = JCM66D4VT7;
				ENABLE_PREVIEWS = YES;
				INFOPLIST_FILE = AppSocial/Info.plist;
				IPHONEOS_DEPLOYMENT_TARGET = 14.0;
				LD_RUNPATH_SEARCH_PATHS = (
					"$(inherited)",
					"@executable_path/Frameworks",
				);
				PRODUCT_BUNDLE_IDENTIFIER = MMS.AppSocial;
				PRODUCT_NAME = "$(TARGET_NAME)";
				SWIFT_VERSION = 5.0;
				TARGETED_DEVICE_FAMILY = "1,2";
			};
			name = Release;
		};
/* End XCBuildConfiguration section */

/* Begin XCConfigurationList section */
		3763DBE82624B516000F6611 /* Build configuration list for PBXProject "AppSocial" */ = {
			isa = XCConfigurationList;
			buildConfigurations = (
				3763DBFA2624B518000F6611 /* Debug */,
				3763DBFB2624B518000F6611 /* Release */,
			);
			defaultConfigurationIsVisible = 0;
			defaultConfigurationName = Release;
		};
		3763DBFC2624B518000F6611 /* Build configuration list for PBXNativeTarget "AppSocial" */ = {
			isa = XCConfigurationList;
			buildConfigurations = (
				3763DBFD2624B518000F6611 /* Debug */,
				3763DBFE2624B518000F6611 /* Release */,
			);
			defaultConfigurationIsVisible = 0;
			defaultConfigurationName = Release;
		};
/* End XCConfigurationList section */
	};
	rootObject = 3763DBE52624B516000F6611 /* Project object */;
}
